
Microsoft Visual Studio Solution File, Format Version 12.00
# Visual Studio 15
VisualStudioVersion = 15.0.27428.2015
MinimumVisualStudioVersion = 10.0.40219.1
Project("{FAE04EC0-301F-11D3-BF4B-00C04F79EFBC}") = "XamMultiChoiceModalPage.Android", "XamMultiChoiceModalPage\XamMultiChoiceModalPage.Android\XamMultiChoiceModalPage.Android.csproj", "{5612E805-22D9-4D69-B0A1-32F74266BF93}"
EndProject
Project("{FAE04EC0-301F-11D3-BF4B-00C04F79EFBC}") = "XamMultiChoiceModalPage.iOS", "XamMultiChoiceModalPage\XamMultiChoiceModalPage.iOS\XamMultiChoiceModalPage.iOS.csproj", "{D9DA575C-2C4D-4915-A609-D7210A472E29}"
EndProject
Project("{FAE04EC0-301F-11D3-BF4B-00C04F79EFBC}") = "XamMultiChoiceModalPage.UWP", "XamMultiChoiceModalPage\XamMultiChoiceModalPage.UWP\XamMultiChoiceModalPage.UWP.csproj", "{D7BE8EB6-9615-4AF3-BFAB-72DFA73CF6C9}"
EndProject
Project("{FAE04EC0-301F-11D3-BF4B-00C04F79EFBC}") = "XamMultiChoiceModalPage", "XamMultiChoiceModalPage\XamMultiChoiceModalPage\XamMultiChoiceModalPage.csproj", "{8E9556C1-BA0D-47F9-994C-92B0BFA62E3E}"
EndProject
Global
	GlobalSection(SolutionConfigurationPlatforms) = preSolution
		Ad-Hoc|Any CPU = Ad-Hoc|Any CPU
		Ad-Hoc|ARM = Ad-Hoc|ARM
		Ad-Hoc|iPhone = Ad-Hoc|iPhone
		Ad-Hoc|iPhoneSimulator = Ad-Hoc|iPhoneSimulator
		Ad-Hoc|x64 = Ad-Hoc|x64
		Ad-Hoc|x86 = Ad-Hoc|x86
		AppStore|Any CPU = AppStore|Any CPU
		AppStore|ARM = AppStore|ARM
		AppStore|iPhone = AppStore|iPhone
		AppStore|iPhoneSimulator = AppStore|iPhoneSimulator
		AppStore|x64 = AppStore|x64
		AppStore|x86 = AppStore|x86
		Debug|Any CPU = Debug|Any CPU
		Debug|ARM = Debug|ARM
		Debug|iPhone = Debug|iPhone
		Debug|iPhoneSimulator = Debug|iPhoneSimulator
		Debug|x64 = Debug|x64
		Debug|x86 = Debug|x86
		Release|Any CPU = Release|Any CPU
		Release|ARM = Release|ARM
		Release|iPhone = Release|iPhone
		Release|iPhoneSimulator = Release|iPhoneSimulator
		Release|x64 = Release|x64
		Release|x86 = Release|x86
	EndGlobalSection
	GlobalSection(ProjectConfigurationPlatforms) = postSolution
		{5612E805-22D9-4D69-B0A1-32F74266BF93}.Ad-Hoc|Any CPU.ActiveCfg = Release|Any CPU
		{5612E805-22D9-4D69-B0A1-32F74266BF93}.Ad-Hoc|Any CPU.Build.0 = Release|Any CPU
		{5612E805-22D9-4D69-B0A1-32F74266BF93}.Ad-Hoc|Any CPU.Deploy.0 = Release|Any CPU
		{5612E805-22D9-4D69-B0A1-32F74266BF93}.Ad-Hoc|ARM.ActiveCfg = Release|Any CPU
		{5612E805-22D9-4D69-B0A1-32F74266BF93}.Ad-Hoc|ARM.Build.0 = Release|Any CPU
		{5612E805-22D9-4D69-B0A1-32F74266BF93}.Ad-Hoc|ARM.Deploy.0 = Release|Any CPU
		{5612E805-22D9-4D69-B0A1-32F74266BF93}.Ad-Hoc|iPhone.ActiveCfg = Release|Any CPU
		{5612E805-22D9-4D69-B0A1-32F74266BF93}.Ad-Hoc|iPhone.Build.0 = Release|Any CPU
		{5612E805-22D9-4D69-B0A1-32F74266BF93}.Ad-Hoc|iPhone.Deploy.0 = Release|Any CPU
		{5612E805-22D9-4D69-B0A1-32F74266BF93}.Ad-Hoc|iPhoneSimulator.ActiveCfg = Release|Any CPU
		{5612E805-22D9-4D69-B0A1-32F74266BF93}.Ad-Hoc|iPhoneSimulator.Build.0 = Release|Any CPU
		{5612E805-22D9-4D69-B0A1-32F74266BF93}.Ad-Hoc|iPhoneSimulator.Deploy.0 = Release|Any CPU
		{5612E805-22D9-4D69-B0A1-32F74266BF93}.Ad-Hoc|x64.ActiveCfg = Release|Any CPU
		{5612E805-22D9-4D69-B0A1-32F74266BF93}.Ad-Hoc|x64.Build.0 = Release|Any CPU
		{5612E805-22D9-4D69-B0A1-32F74266BF93}.Ad-Hoc|x64.Deploy.0 = Release|Any CPU
		{5612E805-22D9-4D69-B0A1-32F74266BF93}.Ad-Hoc|x86.ActiveCfg = Release|Any CPU
		{5612E805-22D9-4D69-B0A1-32F74266BF93}.Ad-Hoc|x86.Build.0 = Release|Any CPU
		{5612E805-22D9-4D69-B0A1-32F74266BF93}.Ad-Hoc|x86.Deploy.0 = Release|Any CPU
		{5612E805-22D9-4D69-B0A1-32F74266BF93}.AppStore|Any CPU.ActiveCfg = Release|Any CPU
		{5612E805-22D9-4D69-B0A1-32F74266BF93}.AppStore|Any CPU.Build.0 = Release|Any CPU
		{5612E805-22D9-4D69-B0A1-32F74266BF93}.AppStore|Any CPU.Deploy.0 = Release|Any CPU
		{5612E805-22D9-4D69-B0A1-32F74266BF93}.AppStore|ARM.ActiveCfg = Release|Any CPU
		{5612E805-22D9-4D69-B0A1-32F74266BF93}.AppStore|ARM.Build.0 = Release|Any CPU
		{5612E805-22D9-4D69-B0A1-32F74266BF93}.AppStore|ARM.Deploy.0 = Release|Any CPU
		{5612E805-22D9-4D69-B0A1-32F74266BF93}.AppStore|iPhone.ActiveCfg = Release|Any CPU
		{5612E805-22D9-4D69-B0A1-32F74266BF93}.AppStore|iPhone.Build.0 = Release|Any CPU
		{5612E805-22D9-4D69-B0A1-32F74266BF93}.AppStore|iPhone.Deploy.0 = Release|Any CPU
		{5612E805-22D9-4D69-B0A1-32F74266BF93}.AppStore|iPhoneSimulator.ActiveCfg = Release|Any CPU
		{5612E805-22D9-4D69-B0A1-32F74266BF93}.AppStore|iPhoneSimulator.Build.0 = Release|Any CPU
		{5612E805-22D9-4D69-B0A1-32F74266BF93}.AppStore|iPhoneSimulator.Deploy.0 = Release|Any CPU
		{5612E805-22D9-4D69-B0A1-32F74266BF93}.AppStore|x64.ActiveCfg = Release|Any CPU
		{5612E805-22D9-4D69-B0A1-32F74266BF93}.AppStore|x64.Build.0 = Release|Any CPU
		{5612E805-22D9-4D69-B0A1-32F74266BF93}.AppStore|x64.Deploy.0 = Release|Any CPU
		{5612E805-22D9-4D69-B0A1-32F74266BF93}.AppStore|x86.ActiveCfg = Release|Any CPU
		{5612E805-22D9-4D69-B0A1-32F74266BF93}.AppStore|x86.Build.0 = Release|Any CPU
		{5612E805-22D9-4D69-B0A1-32F74266BF93}.AppStore|x86.Deploy.0 = Release|Any CPU
		{5612E805-22D9-4D69-B0A1-32F74266BF93}.Debug|Any CPU.ActiveCfg = Debug|Any CPU
		{5612E805-22D9-4D69-B0A1-32F74266BF93}.Debug|Any CPU.Build.0 = Debug|Any CPU
		{5612E805-22D9-4D69-B0A1-32F74266BF93}.Debug|Any CPU.Deploy.0 = Debug|Any CPU
		{5612E805-22D9-4D69-B0A1-32F74266BF93}.Debug|ARM.ActiveCfg = Debug|Any CPU
		{5612E805-22D9-4D69-B0A1-32F74266BF93}.Debug|ARM.Build.0 = Debug|Any CPU
		{5612E805-22D9-4D69-B0A1-32F74266BF93}.Debug|ARM.Deploy.0 = Debug|Any CPU
		{5612E805-22D9-4D69-B0A1-32F74266BF93}.Debug|iPhone.ActiveCfg = Debug|Any CPU
		{5612E805-22D9-4D69-B0A1-32F74266BF93}.Debug|iPhone.Build.0 = Debug|Any CPU
		{5612E805-22D9-4D69-B0A1-32F74266BF93}.Debug|iPhone.Deploy.0 = Debug|Any CPU
		{5612E805-22D9-4D69-B0A1-32F74266BF93}.Debug|iPhoneSimulator.ActiveCfg = Debug|Any CPU
		{5612E805-22D9-4D69-B0A1-32F74266BF93}.Debug|iPhoneSimulator.Build.0 = Debug|Any CPU
		{5612E805-22D9-4D69-B0A1-32F74266BF93}.Debug|iPhoneSimulator.Deploy.0 = Debug|Any CPU
		{5612E805-22D9-4D69-B0A1-32F74266BF93}.Debug|x64.ActiveCfg = Debug|Any CPU
		{5612E805-22D9-4D69-B0A1-32F74266BF93}.Debug|x64.Build.0 = Debug|Any CPU
		{5612E805-22D9-4D69-B0A1-32F74266BF93}.Debug|x64.Deploy.0 = Debug|Any CPU
		{5612E805-22D9-4D69-B0A1-32F74266BF93}.Debug|x86.ActiveCfg = Debug|Any CPU
		{5612E805-22D9-4D69-B0A1-32F74266BF93}.Debug|x86.Build.0 = Debug|Any CPU
		{5612E805-22D9-4D69-B0A1-32F74266BF93}.Debug|x86.Deploy.0 = Debug|Any CPU
		{5612E805-22D9-4D69-B0A1-32F74266BF93}.Release|Any CPU.ActiveCfg = Release|Any CPU
		{5612E805-22D9-4D69-B0A1-32F74266BF93}.Release|Any CPU.Build.0 = Release|Any CPU
		{5612E805-22D9-4D69-B0A1-32F74266BF93}.Release|Any CPU.Deploy.0 = Release|Any CPU
		{5612E805-22D9-4D69-B0A1-32F74266BF93}.Release|ARM.ActiveCfg = Release|Any CPU
		{5612E805-22D9-4D69-B0A1-32F74266BF93}.Release|ARM.Build.0 = Release|Any CPU
		{5612E805-22D9-4D69-B0A1-32F74266BF93}.Release|ARM.Deploy.0 = Release|Any CPU
		{5612E805-22D9-4D69-B0A1-32F74266BF93}.Release|iPhone.ActiveCfg = Release|Any CPU
		{5612E805-22D9-4D69-B0A1-32F74266BF93}.Release|iPhone.Build.0 = Release|Any CPU
		{5612E805-22D9-4D69-B0A1-32F74266BF93}.Release|iPhone.Deploy.0 = Release|Any CPU
		{5612E805-22D9-4D69-B0A1-32F74266BF93}.Release|iPhoneSimulator.ActiveCfg = Release|Any CPU
		{5612E805-22D9-4D69-B0A1-32F74266BF93}.Release|iPhoneSimulator.Build.0 = Release|Any CPU
		{5612E805-22D9-4D69-B0A1-32F74266BF93}.Release|iPhoneSimulator.Deploy.0 = Release|Any CPU
		{5612E805-22D9-4D69-B0A1-32F74266BF93}.Release|x64.ActiveCfg = Release|Any CPU
		{5612E805-22D9-4D69-B0A1-32F74266BF93}.Release|x64.Build.0 = Release|Any CPU
		{5612E805-22D9-4D69-B0A1-32F74266BF93}.Release|x64.Deploy.0 = Release|Any CPU
		{5612E805-22D9-4D69-B0A1-32F74266BF93}.Release|x86.ActiveCfg = Release|Any CPU
		{5612E805-22D9-4D69-B0A1-32F74266BF93}.Release|x86.Build.0 = Release|Any CPU
		{5612E805-22D9-4D69-B0A1-32F74266BF93}.Release|x86.Deploy.0 = Release|Any CPU
		{D9DA575C-2C4D-4915-A609-D7210A472E29}.Ad-Hoc|Any CPU.ActiveCfg = Ad-Hoc|iPhone
		{D9DA575C-2C4D-4915-A609-D7210A472E29}.Ad-Hoc|ARM.ActiveCfg = Ad-Hoc|iPhone
		{D9DA575C-2C4D-4915-A609-D7210A472E29}.Ad-Hoc|iPhone.ActiveCfg = Ad-Hoc|iPhone
		{D9DA575C-2C4D-4915-A609-D7210A472E29}.Ad-Hoc|iPhone.Build.0 = Ad-Hoc|iPhone
		{D9DA575C-2C4D-4915-A609-D7210A472E29}.Ad-Hoc|iPhoneSimulator.ActiveCfg = Ad-Hoc|iPhoneSimulator
		{D9DA575C-2C4D-4915-A609-D7210A472E29}.Ad-Hoc|iPhoneSimulator.Build.0 = Ad-Hoc|iPhoneSimulator
		{D9DA575C-2C4D-4915-A609-D7210A472E29}.Ad-Hoc|x64.ActiveCfg = Ad-Hoc|iPhone
		{D9DA575C-2C4D-4915-A609-D7210A472E29}.Ad-Hoc|x86.ActiveCfg = Ad-Hoc|iPhone
		{D9DA575C-2C4D-4915-A609-D7210A472E29}.AppStore|Any CPU.ActiveCfg = AppStore|iPhone
		{D9DA575C-2C4D-4915-A609-D7210A472E29}.AppStore|ARM.ActiveCfg = AppStore|iPhone
		{D9DA575C-2C4D-4915-A609-D7210A472E29}.AppStore|iPhone.ActiveCfg = AppStore|iPhone
		{D9DA575C-2C4D-4915-A609-D7210A472E29}.AppStore|iPhone.Build.0 = AppStore|iPhone
		{D9DA575C-2C4D-4915-A609-D7210A472E29}.AppStore|iPhoneSimulator.ActiveCfg = AppStore|iPhoneSimulator
		{D9DA575C-2C4D-4915-A609-D7210A472E29}.AppStore|iPhoneSimulator.Build.0 = AppStore|iPhoneSimulator
		{D9DA575C-2C4D-4915-A609-D7210A472E29}.AppStore|x64.ActiveCfg = AppStore|iPhone
		{D9DA575C-2C4D-4915-A609-D7210A472E29}.AppStore|x86.ActiveCfg = AppStore|iPhone
		{D9DA575C-2C4D-4915-A609-D7210A472E29}.Debug|Any CPU.ActiveCfg = Debug|iPhone
		{D9DA575C-2C4D-4915-A609-D7210A472E29}.Debug|ARM.ActiveCfg = Debug|iPhone
		{D9DA575C-2C4D-4915-A609-D7210A472E29}.Debug|iPhone.ActiveCfg = Debug|iPhone
		{D9DA575C-2C4D-4915-A609-D7210A472E29}.Debug|iPhone.Build.0 = Debug|iPhone
		{D9DA575C-2C4D-4915-A609-D7210A472E29}.Debug|iPhoneSimulator.ActiveCfg = Debug|iPhoneSimulator
		{D9DA575C-2C4D-4915-A609-D7210A472E29}.Debug|iPhoneSimulator.Build.0 = Debug|iPhoneSimulator
		{D9DA575C-2C4D-4915-A609-D7210A472E29}.Debug|x64.ActiveCfg = Debug|iPhone
		{D9DA575C-2C4D-4915-A609-D7210A472E29}.Debug|x86.ActiveCfg = Debug|iPhone
		{D9DA575C-2C4D-4915-A609-D7210A472E29}.Release|Any CPU.ActiveCfg = Release|iPhone
		{D9DA575C-2C4D-4915-A609-D7210A472E29}.Release|ARM.ActiveCfg = Release|iPhone
		{D9DA575C-2C4D-4915-A609-D7210A472E29}.Release|iPhone.ActiveCfg = Release|iPhone
		{D9DA575C-2C4D-4915-A609-D7210A472E29}.Release|iPhone.Build.0 = Release|iPhone
		{D9DA575C-2C4D-4915-A609-D7210A472E29}.Release|iPhoneSimulator.ActiveCfg = Release|iPhoneSimulator
		{D9DA575C-2C4D-4915-A609-D7210A472E29}.Release|iPhoneSimulator.Build.0 = Release|iPhoneSimulator
		{D9DA575C-2C4D-4915-A609-D7210A472E29}.Release|x64.ActiveCfg = Release|iPhone
		{D9DA575C-2C4D-4915-A609-D7210A472E29}.Release|x86.ActiveCfg = Release|iPhone
		{D7BE8EB6-9615-4AF3-BFAB-72DFA73CF6C9}.Ad-Hoc|Any CPU.ActiveCfg = Release|x86
		{D7BE8EB6-9615-4AF3-BFAB-72DFA73CF6C9}.Ad-Hoc|Any CPU.Build.0 = Release|x86
		{D7BE8EB6-9615-4AF3-BFAB-72DFA73CF6C9}.Ad-Hoc|Any CPU.Deploy.0 = Release|x86
		{D7BE8EB6-9615-4AF3-BFAB-72DFA73CF6C9}.Ad-Hoc|ARM.ActiveCfg = Release|ARM
		{D7BE8EB6-9615-4AF3-BFAB-72DFA73CF6C9}.Ad-Hoc|ARM.Build.0 = Release|ARM
		{D7BE8EB6-9615-4AF3-BFAB-72DFA73CF6C9}.Ad-Hoc|ARM.Deploy.0 = Release|ARM
		{D7BE8EB6-9615-4AF3-BFAB-72DFA73CF6C9}.Ad-Hoc|iPhone.ActiveCfg = Release|x86
		{D7BE8EB6-9615-4AF3-BFAB-72DFA73CF6C9}.Ad-Hoc|iPhone.Build.0 = Release|x86
		{D7BE8EB6-9615-4AF3-BFAB-72DFA73CF6C9}.Ad-Hoc|iPhone.Deploy.0 = Release|x86
		{D7BE8EB6-9615-4AF3-BFAB-72DFA73CF6C9}.Ad-Hoc|iPhoneSimulator.ActiveCfg = Release|x86
		{D7BE8EB6-9615-4AF3-BFAB-72DFA73CF6C9}.Ad-Hoc|iPhoneSimulator.Build.0 = Release|x86
		{D7BE8EB6-9615-4AF3-BFAB-72DFA73CF6C9}.Ad-Hoc|iPhoneSimulator.Deploy.0 = Release|x86
		{D7BE8EB6-9615-4AF3-BFAB-72DFA73CF6C9}.Ad-Hoc|x64.ActiveCfg = Release|x64
		{D7BE8EB6-9615-4AF3-BFAB-72DFA73CF6C9}.Ad-Hoc|x64.Build.0 = Release|x64
		{D7BE8EB6-9615-4AF3-BFAB-72DFA73CF6C9}.Ad-Hoc|x64.Deploy.0 = Release|x64
		{D7BE8EB6-9615-4AF3-BFAB-72DFA73CF6C9}.Ad-Hoc|x86.ActiveCfg = Release|x86
		{D7BE8EB6-9615-4AF3-BFAB-72DFA73CF6C9}.Ad-Hoc|x86.Build.0 = Release|x86
		{D7BE8EB6-9615-4AF3-BFAB-72DFA73CF6C9}.Ad-Hoc|x86.Deploy.0 = Release|x86
		{D7BE8EB6-9615-4AF3-BFAB-72DFA73CF6C9}.AppStore|Any CPU.ActiveCfg = Release|x86
		{D7BE8EB6-9615-4AF3-BFAB-72DFA73CF6C9}.AppStore|Any CPU.Build.0 = Release|x86
		{D7BE8EB6-9615-4AF3-BFAB-72DFA73CF6C9}.AppStore|Any CPU.Deploy.0 = Release|x86
		{D7BE8EB6-9615-4AF3-BFAB-72DFA73CF6C9}.AppStore|ARM.ActiveCfg = Release|ARM
		{D7BE8EB6-9615-4AF3-BFAB-72DFA73CF6C9}.AppStore|ARM.Build.0 = Release|ARM
		{D7BE8EB6-9615-4AF3-BFAB-72DFA73CF6C9}.AppStore|ARM.Deploy.0 = Release|ARM
		{D7BE8EB6-9615-4AF3-BFAB-72DFA73CF6C9}.AppStore|iPhone.ActiveCfg = Release|x86
		{D7BE8EB6-9615-4AF3-BFAB-72DFA73CF6C9}.AppStore|iPhone.Build.0 = Release|x86
		{D7BE8EB6-9615-4AF3-BFAB-72DFA73CF6C9}.AppStore|iPhone.Deploy.0 = Release|x86
		{D7BE8EB6-9615-4AF3-BFAB-72DFA73CF6C9}.AppStore|iPhoneSimulator.ActiveCfg = Release|x86
		{D7BE8EB6-9615-4AF3-BFAB-72DFA73CF6C9}.AppStore|iPhoneSimulator.Build.0 = Release|x86
		{D7BE8EB6-9615-4AF3-BFAB-72DFA73CF6C9}.AppStore|iPhoneSimulator.Deploy.0 = Release|x86
		{D7BE8EB6-9615-4AF3-BFAB-72DFA73CF6C9}.AppStore|x64.ActiveCfg = Release|x64
		{D7BE8EB6-9615-4AF3-BFAB-72DFA73CF6C9}.AppStore|x64.Build.0 = Release|x64
		{D7BE8EB6-9615-4AF3-BFAB-72DFA73CF6C9}.AppStore|x64.Deploy.0 = Release|x64
		{D7BE8EB6-9615-4AF3-BFAB-72DFA73CF6C9}.AppStore|x86.ActiveCfg = Release|x86
		{D7BE8EB6-9615-4AF3-BFAB-72DFA73CF6C9}.AppStore|x86.Build.0 = Release|x86
		{D7BE8EB6-9615-4AF3-BFAB-72DFA73CF6C9}.AppStore|x86.Deploy.0 = Release|x86
		{D7BE8EB6-9615-4AF3-BFAB-72DFA73CF6C9}.Debug|Any CPU.ActiveCfg = Debug|x86
		{D7BE8EB6-9615-4AF3-BFAB-72DFA73CF6C9}.Debug|ARM.ActiveCfg = Debug|ARM
		{D7BE8EB6-9615-4AF3-BFAB-72DFA73CF6C9}.Debug|ARM.Build.0 = Debug|ARM
		{D7BE8EB6-9615-4AF3-BFAB-72DFA73CF6C9}.Debug|ARM.Deploy.0 = Debug|ARM
		{D7BE8EB6-9615-4AF3-BFAB-72DFA73CF6C9}.Debug|iPhone.ActiveCfg = Debug|x86
		{D7BE8EB6-9615-4AF3-BFAB-72DFA73CF6C9}.Debug|iPhoneSimulator.ActiveCfg = Debug|x86
		{D7BE8EB6-9615-4AF3-BFAB-72DFA73CF6C9}.Debug|x64.ActiveCfg = Debug|x64
		{D7BE8EB6-9615-4AF3-BFAB-72DFA73CF6C9}.Debug|x64.Build.0 = Debug|x64
		{D7BE8EB6-9615-4AF3-BFAB-72DFA73CF6C9}.Debug|x64.Deploy.0 = Debug|x64
		{D7BE8EB6-9615-4AF3-BFAB-72DFA73CF6C9}.Debug|x86.ActiveCfg = Debug|x86
		{D7BE8EB6-9615-4AF3-BFAB-72DFA73CF6C9}.Debug|x86.Build.0 = Debug|x86
		{D7BE8EB6-9615-4AF3-BFAB-72DFA73CF6C9}.Debug|x86.Deploy.0 = Debug|x86
		{D7BE8EB6-9615-4AF3-BFAB-72DFA73CF6C9}.Release|Any CPU.ActiveCfg = Release|x86
		{D7BE8EB6-9615-4AF3-BFAB-72DFA73CF6C9}.Release|ARM.ActiveCfg = Release|ARM
		{D7BE8EB6-9615-4AF3-BFAB-72DFA73CF6C9}.Release|ARM.Build.0 = Release|ARM
		{D7BE8EB6-9615-4AF3-BFAB-72DFA73CF6C9}.Release|ARM.Deploy.0 = Release|ARM
		{D7BE8EB6-9615-4AF3-BFAB-72DFA73CF6C9}.Release|iPhone.ActiveCfg = Release|x86
		{D7BE8EB6-9615-4AF3-BFAB-72DFA73CF6C9}.Release|iPhoneSimulator.ActiveCfg = Release|x86
		{D7BE8EB6-9615-4AF3-BFAB-72DFA73CF6C9}.Release|x64.ActiveCfg = Release|x64
		{D7BE8EB6-9615-4AF3-BFAB-72DFA73CF6C9}.Release|x64.Build.0 = Release|x64
		{D7BE8EB6-9615-4AF3-BFAB-72DFA73CF6C9}.Release|x64.Deploy.0 = Release|x64
		{D7BE8EB6-9615-4AF3-BFAB-72DFA73CF6C9}.Release|x86.ActiveCfg = Release|x86
		{D7BE8EB6-9615-4AF3-BFAB-72DFA73CF6C9}.Release|x86.Build.0 = Release|x86
		{D7BE8EB6-9615-4AF3-BFAB-72DFA73CF6C9}.Release|x86.Deploy.0 = Release|x86
		{8E9556C1-BA0D-47F9-994C-92B0BFA62E3E}.Ad-Hoc|Any CPU.ActiveCfg = Debug|Any CPU
		{8E9556C1-BA0D-47F9-994C-92B0BFA62E3E}.Ad-Hoc|Any CPU.Build.0 = Debug|Any CPU
		{8E9556C1-BA0D-47F9-994C-92B0BFA62E3E}.Ad-Hoc|ARM.ActiveCfg = Debug|Any CPU
		{8E9556C1-BA0D-47F9-994C-92B0BFA62E3E}.Ad-Hoc|ARM.Build.0 = Debug|Any CPU
		{8E9556C1-BA0D-47F9-994C-92B0BFA62E3E}.Ad-Hoc|iPhone.ActiveCfg = Debug|Any CPU
		{8E9556C1-BA0D-47F9-994C-92B0BFA62E3E}.Ad-Hoc|iPhone.Build.0 = Debug|Any CPU
		{8E9556C1-BA0D-47F9-994C-92B0BFA62E3E}.Ad-Hoc|iPhoneSimulator.ActiveCfg = Debug|Any CPU
		{8E9556C1-BA0D-47F9-994C-92B0BFA62E3E}.Ad-Hoc|iPhoneSimulator.Build.0 = Debug|Any CPU
		{8E9556C1-BA0D-47F9-994C-92B0BFA62E3E}.Ad-Hoc|x64.ActiveCfg = Debug|Any CPU
		{8E9556C1-BA0D-47F9-994C-92B0BFA62E3E}.Ad-Hoc|x64.Build.0 = Debug|Any CPU
		{8E9556C1-BA0D-47F9-994C-92B0BFA62E3E}.Ad-Hoc|x86.ActiveCfg = Debug|Any CPU
		{8E9556C1-BA0D-47F9-994C-92B0BFA62E3E}.Ad-Hoc|x86.Build.0 = Debug|Any CPU
		{8E9556C1-BA0D-47F9-994C-92B0BFA62E3E}.AppStore|Any CPU.ActiveCfg = Debug|Any CPU
		{8E9556C1-BA0D-47F9-994C-92B0BFA62E3E}.AppStore|Any CPU.Build.0 = Debug|Any CPU
		{8E9556C1-BA0D-47F9-994C-92B0BFA62E3E}.AppStore|ARM.ActiveCfg = Debug|Any CPU
		{8E9556C1-BA0D-47F9-994C-92B0BFA62E3E}.AppStore|ARM.Build.0 = Debug|Any CPU
		{8E9556C1-BA0D-47F9-994C-92B0BFA62E3E}.AppStore|iPhone.ActiveCfg = Debug|Any CPU
		{8E9556C1-BA0D-47F9-994C-92B0BFA62E3E}.AppStore|iPhone.Build.0 = Debug|Any CPU
		{8E9556C1-BA0D-47F9-994C-92B0BFA62E3E}.AppStore|iPhoneSimulator.ActiveCfg = Debug|Any CPU
		{8E9556C1-BA0D-47F9-994C-92B0BFA62E3E}.AppStore|iPhoneSimulator.Build.0 = Debug|Any CPU
		{8E9556C1-BA0D-47F9-994C-92B0BFA62E3E}.AppStore|x64.ActiveCfg = Debug|Any CPU
		{8E9556C1-BA0D-47F9-994C-92B0BFA62E3E}.AppStore|x64.Build.0 = Debug|Any CPU
		{8E9556C1-BA0D-47F9-994C-92B0BFA62E3E}.AppStore|x86.ActiveCfg = Debug|Any CPU
		{8E9556C1-BA0D-47F9-994C-92B0BFA62E3E}.AppStore|x86.Build.0 = Debug|Any CPU
		{8E9556C1-BA0D-47F9-994C-92B0BFA62E3E}.Debug|Any CPU.ActiveCfg = Debug|Any CPU
		{8E9556C1-BA0D-47F9-994C-92B0BFA62E3E}.Debug|Any CPU.Build.0 = Debug|Any CPU
		{8E9556C1-BA0D-47F9-994C-92B0BFA62E3E}.Debug|ARM.ActiveCfg = Debug|Any CPU
		{8E9556C1-BA0D-47F9-994C-92B0BFA62E3E}.Debug|ARM.Build.0 = Debug|Any CPU
		{8E9556C1-BA0D-47F9-994C-92B0BFA62E3E}.Debug|iPhone.ActiveCfg = Debug|Any CPU
		{8E9556C1-BA0D-47F9-994C-92B0BFA62E3E}.Debug|iPhone.Build.0 = Debug|Any CPU
		{8E9556C1-BA0D-47F9-994C-92B0BFA62E3E}.Debug|iPhoneSimulator.ActiveCfg = Debug|Any CPU
		{8E9556C1-BA0D-47F9-994C-92B0BFA62E3E}.Debug|iPhoneSimulator.Build.0 = Debug|Any CPU
		{8E9556C1-BA0D-47F9-994C-92B0BFA62E3E}.Debug|x64.ActiveCfg = Debug|Any CPU
		{8E9556C1-BA0D-47F9-994C-92B0BFA62E3E}.Debug|x64.Build.0 = Debug|Any CPU
		{8E9556C1-BA0D-47F9-994C-92B0BFA62E3E}.Debug|x86.ActiveCfg = Debug|Any CPU
		{8E9556C1-BA0D-47F9-994C-92B0BFA62E3E}.Debug|x86.Build.0 = Debug|Any CPU
		{8E9556C1-BA0D-47F9-994C-92B0BFA62E3E}.Release|Any CPU.ActiveCfg = Release|Any CPU
		{8E9556C1-BA0D-47F9-994C-92B0BFA62E3E}.Release|Any CPU.Build.0 = Release|Any CPU
		{8E9556C1-BA0D-47F9-994C-92B0BFA62E3E}.Release|ARM.ActiveCfg = Release|Any CPU
		{8E9556C1-BA0D-47F9-994C-92B0BFA62E3E}.Release|ARM.Build.0 = Release|Any CPU
		{8E9556C1-BA0D-47F9-994C-92B0BFA62E3E}.Release|iPhone.ActiveCfg = Release|Any CPU
		{8E9556C1-BA0D-47F9-994C-92B0BFA62E3E}.Release|iPhone.Build.0 = Release|Any CPU
		{8E9556C1-BA0D-47F9-994C-92B0BFA62E3E}.Release|iPhoneSimulator.ActiveCfg = Release|Any CPU
		{8E9556C1-BA0D-47F9-994C-92B0BFA62E3E}.Release|iPhoneSimulator.Build.0 = Release|Any CPU
		{8E9556C1-BA0D-47F9-994C-92B0BFA62E3E}.Release|x64.ActiveCfg = Release|Any CPU
		{8E9556C1-BA0D-47F9-994C-92B0BFA62E3E}.Release|x64.Build.0 = Release|Any CPU
		{8E9556C1-BA0D-47F9-994C-92B0BFA62E3E}.Release|x86.ActiveCfg = Release|Any CPU
		{8E9556C1-BA0D-47F9-994C-92B0BFA62E3E}.Release|x86.Build.0 = Release|Any CPU
	EndGlobalSection
	GlobalSection(SolutionProperties) = preSolution
		HideSolutionNode = FALSE
	EndGlobalSection
	GlobalSection(ExtensibilityGlobals) = postSolution
		SolutionGuid = {58B42C9E-80FB-42CB-9846-3CBC987FB49A}
	EndGlobalSection
EndGlobal
